
Microsoft Visual Studio Solution File, Format Version 12.00
# Visual Studio Version 17
VisualStudioVersion = 17.6.33829.357
MinimumVisualStudioVersion = 10.0.40219.1
Project("{FAE04EC0-301F-11D3-BF4B-00C04F79EFBC}") = "CameraRecordingFetchApp", "CameraRecordingFetchApp\CameraRecordingFetchApp.csproj", "{F29A20EE-7405-4C28-8ED6-435873279E09}"
EndProject
Global
	GlobalSection(SolutionConfigurationPlatforms) = preSolution
		Debug|Any CPU = Debug|Any CPU
		Release|Any CPU = Release|Any CPU
	EndGlobalSection
	GlobalSection(ProjectConfigurationPlatforms) = postSolution
		{F29A20EE-7405-4C28-8ED6-435873279E09}.Debug|Any CPU.ActiveCfg = Debug|Any CPU
		{F29A20EE-7405-4C28-8ED6-435873279E09}.Debug|Any CPU.Build.0 = Debug|Any CPU
		{F29A20EE-7405-4C28-8ED6-435873279E09}.Release|Any CPU.ActiveCfg = Release|Any CPU
		{F29A20EE-7405-4C28-8ED6-435873279E09}.Release|Any CPU.Build.0 = Release|Any CPU
	EndGlobalSection
	GlobalSection(SolutionProperties) = preSolution
		HideSolutionNode = FALSE
	EndGlobalSection
	GlobalSection(ExtensibilityGlobals) = postSolution
		SolutionGuid = {C72A53BC-F3F7-45AC-9559-9542FED94CE8}
	EndGlobalSection
EndGlobal
